
Microsoft Visual Studio Solution File, Format Version 12.00
# Visual Studio Version 16
VisualStudioVersion = 16.0.30114.105
MinimumVisualStudioVersion = 10.0.40219.1
Project("{2150E333-8FDC-42A3-9474-1A3956D46DE8}") = "src", "src", "{415D8864-8C78-4D34-8FB5-F8CADA705966}"
EndProject
Project("{FAE04EC0-301F-11D3-BF4B-00C04F79EFBC}") = "FinancialAssetsWallet.Api", "src\FinancialAssetsWallet.Api\FinancialAssetsWallet.Api.csproj", "{BE2E0E4A-720B-4401-8CAE-7C94C356407E}"
EndProject
Project("{FAE04EC0-301F-11D3-BF4B-00C04F79EFBC}") = "FinancialAssetsWallet.Domain", "src\FinancialAssetsWallet.Domain\FinancialAssetsWallet.Domain.csproj", "{DE240C84-0803-4510-992C-2C986D9BC9E9}"
EndProject
Project("{FAE04EC0-301F-11D3-BF4B-00C04F79EFBC}") = "FinancialAssetsWallet.Application", "src\FinancialAssetsWallet.Application\FinancialAssetsWallet.Application.csproj", "{B98F29C9-0781-4FD0-821D-2B4AB5852A03}"
EndProject
Project("{FAE04EC0-301F-11D3-BF4B-00C04F79EFBC}") = "FinancialAssetsWallet.Infra", "src\FinancialAssetsWallet.Infra\FinancialAssetsWallet.Infra.csproj", "{9022A8F7-EDED-42B9-8AED-D24A81B06ABB}"
EndProject
Global
	GlobalSection(SolutionConfigurationPlatforms) = preSolution
		Debug|Any CPU = Debug|Any CPU
		Debug|x64 = Debug|x64
		Debug|x86 = Debug|x86
		Release|Any CPU = Release|Any CPU
		Release|x64 = Release|x64
		Release|x86 = Release|x86
	EndGlobalSection
	GlobalSection(SolutionProperties) = preSolution
		HideSolutionNode = FALSE
	EndGlobalSection
	GlobalSection(ProjectConfigurationPlatforms) = postSolution
		{BE2E0E4A-720B-4401-8CAE-7C94C356407E}.Debug|Any CPU.ActiveCfg = Debug|Any CPU
		{BE2E0E4A-720B-4401-8CAE-7C94C356407E}.Debug|Any CPU.Build.0 = Debug|Any CPU
		{BE2E0E4A-720B-4401-8CAE-7C94C356407E}.Debug|x64.ActiveCfg = Debug|Any CPU
		{BE2E0E4A-720B-4401-8CAE-7C94C356407E}.Debug|x64.Build.0 = Debug|Any CPU
		{BE2E0E4A-720B-4401-8CAE-7C94C356407E}.Debug|x86.ActiveCfg = Debug|Any CPU
		{BE2E0E4A-720B-4401-8CAE-7C94C356407E}.Debug|x86.Build.0 = Debug|Any CPU
		{BE2E0E4A-720B-4401-8CAE-7C94C356407E}.Release|Any CPU.ActiveCfg = Release|Any CPU
		{BE2E0E4A-720B-4401-8CAE-7C94C356407E}.Release|Any CPU.Build.0 = Release|Any CPU
		{BE2E0E4A-720B-4401-8CAE-7C94C356407E}.Release|x64.ActiveCfg = Release|Any CPU
		{BE2E0E4A-720B-4401-8CAE-7C94C356407E}.Release|x64.Build.0 = Release|Any CPU
		{BE2E0E4A-720B-4401-8CAE-7C94C356407E}.Release|x86.ActiveCfg = Release|Any CPU
		{BE2E0E4A-720B-4401-8CAE-7C94C356407E}.Release|x86.Build.0 = Release|Any CPU
		{DE240C84-0803-4510-992C-2C986D9BC9E9}.Debug|Any CPU.ActiveCfg = Debug|Any CPU
		{DE240C84-0803-4510-992C-2C986D9BC9E9}.Debug|Any CPU.Build.0 = Debug|Any CPU
		{DE240C84-0803-4510-992C-2C986D9BC9E9}.Debug|x64.ActiveCfg = Debug|Any CPU
		{DE240C84-0803-4510-992C-2C986D9BC9E9}.Debug|x64.Build.0 = Debug|Any CPU
		{DE240C84-0803-4510-992C-2C986D9BC9E9}.Debug|x86.ActiveCfg = Debug|Any CPU
		{DE240C84-0803-4510-992C-2C986D9BC9E9}.Debug|x86.Build.0 = Debug|Any CPU
		{DE240C84-0803-4510-992C-2C986D9BC9E9}.Release|Any CPU.ActiveCfg = Release|Any CPU
		{DE240C84-0803-4510-992C-2C986D9BC9E9}.Release|Any CPU.Build.0 = Release|Any CPU
		{DE240C84-0803-4510-992C-2C986D9BC9E9}.Release|x64.ActiveCfg = Release|Any CPU
		{DE240C84-0803-4510-992C-2C986D9BC9E9}.Release|x64.Build.0 = Release|Any CPU
		{DE240C84-0803-4510-992C-2C986D9BC9E9}.Release|x86.ActiveCfg = Release|Any CPU
		{B98F29C9-0781-4FD0-821D-2B4AB5852A03}.Debug|Any CPU.ActiveCfg = Debug|Any CPU
		{B98F29C9-0781-4FD0-821D-2B4AB5852A03}.Debug|Any CPU.Build.0 = Debug|Any CPU
		{B98F29C9-0781-4FD0-821D-2B4AB5852A03}.Debug|x64.ActiveCfg = Debug|Any CPU
		{B98F29C9-0781-4FD0-821D-2B4AB5852A03}.Debug|x64.Build.0 = Debug|Any CPU
		{B98F29C9-0781-4FD0-821D-2B4AB5852A03}.Debug|x86.ActiveCfg = Debug|Any CPU
		{B98F29C9-0781-4FD0-821D-2B4AB5852A03}.Debug|x86.Build.0 = Debug|Any CPU
		{B98F29C9-0781-4FD0-821D-2B4AB5852A03}.Release|Any CPU.ActiveCfg = Release|Any CPU
		{B98F29C9-0781-4FD0-821D-2B4AB5852A03}.Release|Any CPU.Build.0 = Release|Any CPU
		{B98F29C9-0781-4FD0-821D-2B4AB5852A03}.Release|x64.ActiveCfg = Release|Any CPU
		{B98F29C9-0781-4FD0-821D-2B4AB5852A03}.Release|x64.Build.0 = Release|Any CPU
		{B98F29C9-0781-4FD0-821D-2B4AB5852A03}.Release|x86.ActiveCfg = Release|Any CPU
		{B98F29C9-0781-4FD0-821D-2B4AB5852A03}.Release|x86.Build.0 = Release|Any CPU
		{9022A8F7-EDED-42B9-8AED-D24A81B06ABB}.Debug|Any CPU.ActiveCfg = Debug|Any CPU
		{9022A8F7-EDED-42B9-8AED-D24A81B06ABB}.Debug|Any CPU.Build.0 = Debug|Any CPU
		{9022A8F7-EDED-42B9-8AED-D24A81B06ABB}.Debug|x64.ActiveCfg = Debug|Any CPU
		{9022A8F7-EDED-42B9-8AED-D24A81B06ABB}.Debug|x64.Build.0 = Debug|Any CPU
		{9022A8F7-EDED-42B9-8AED-D24A81B06ABB}.Debug|x86.ActiveCfg = Debug|Any CPU
		{9022A8F7-EDED-42B9-8AED-D24A81B06ABB}.Debug|x86.Build.0 = Debug|Any CPU
		{9022A8F7-EDED-42B9-8AED-D24A81B06ABB}.Release|Any CPU.ActiveCfg = Release|Any CPU
		{9022A8F7-EDED-42B9-8AED-D24A81B06ABB}.Release|Any CPU.Build.0 = Release|Any CPU
		{9022A8F7-EDED-42B9-8AED-D24A81B06ABB}.Release|x64.ActiveCfg = Release|Any CPU
		{9022A8F7-EDED-42B9-8AED-D24A81B06ABB}.Release|x64.Build.0 = Release|Any CPU
		{9022A8F7-EDED-42B9-8AED-D24A81B06ABB}.Release|x86.ActiveCfg = Release|Any CPU
		{9022A8F7-EDED-42B9-8AED-D24A81B06ABB}.Release|x86.Build.0 = Release|Any CPU
	EndGlobalSection
	GlobalSection(NestedProjects) = preSolution
		{BE2E0E4A-720B-4401-8CAE-7C94C356407E} = {415D8864-8C78-4D34-8FB5-F8CADA705966}
		{DE240C84-0803-4510-992C-2C986D9BC9E9} = {415D8864-8C78-4D34-8FB5-F8CADA705966}
		{B98F29C9-0781-4FD0-821D-2B4AB5852A03} = {415D8864-8C78-4D34-8FB5-F8CADA705966}
		{9022A8F7-EDED-42B9-8AED-D24A81B06ABB} = {415D8864-8C78-4D34-8FB5-F8CADA705966}
	EndGlobalSection
EndGlobal
